// !$*UTF8*$!
{
	archiveVersion = 1;
	classes = {
	};
	objectVersion = 46;
	objects = {

/* Begin PBXBuildFile section */
		429E29D335A11F6155BFBB20 /* Pods_9_key.framework in Frameworks */ = {isa = PBXBuildFile; fileRef = DD9154FC1A922A4EDC3F2EB9 /* Pods_9_key.framework */; };
		665ACAC91E579FCE0050CCA6 /* AppDelegate.swift in Sources */ = {isa = PBXBuildFile; fileRef = 665ACAC81E579FCE0050CCA6 /* AppDelegate.swift */; };
		665ACACB1E579FCE0050CCA6 /* SIgnInViewController.swift in Sources */ = {isa = PBXBuildFile; fileRef = 665ACACA1E579FCE0050CCA6 /* SIgnInViewController.swift */; };
		665ACACE1E579FCE0050CCA6 /* Main.storyboard in Resources */ = {isa = PBXBuildFile; fileRef = 665ACACC1E579FCE0050CCA6 /* Main.storyboard */; };
		665ACAD01E579FCE0050CCA6 /* Assets.xcassets in Resources */ = {isa = PBXBuildFile; fileRef = 665ACACF1E579FCE0050CCA6 /* Assets.xcassets */; };
		665ACAD31E579FCE0050CCA6 /* LaunchScreen.storyboard in Resources */ = {isa = PBXBuildFile; fileRef = 665ACAD11E579FCE0050CCA6 /* LaunchScreen.storyboard */; };
		665ACAE11E579FF60050CCA6 /* KeyboardViewController.swift in Sources */ = {isa = PBXBuildFile; fileRef = 665ACAE01E579FF60050CCA6 /* KeyboardViewController.swift */; };
		665ACAE51E579FF60050CCA6 /* 9-key-keyboard.appex in Embed App Extensions */ = {isa = PBXBuildFile; fileRef = 665ACADE1E579FF50050CCA6 /* 9-key-keyboard.appex */; settings = {ATTRIBUTES = (RemoveHeadersOnCopy, ); }; };
		665ACAEB1E57A3730050CCA6 /* KeyboardStoryboard.storyboard in Resources */ = {isa = PBXBuildFile; fileRef = 665ACAEA1E57A3730050CCA6 /* KeyboardStoryboard.storyboard */; };
		F371A3916B7D4A9B0794EF3C /* Pods_9_key_keyboard.framework in Frameworks */ = {isa = PBXBuildFile; fileRef = F5307C5C1C7942C58B62892F /* Pods_9_key_keyboard.framework */; };
		FA7A4FF61E58E26D00949396 /* GoogleService-Info.plist in Resources */ = {isa = PBXBuildFile; fileRef = FA7A4FF51E58E26D00949396 /* GoogleService-Info.plist */; };
		FA7A4FF81E58F0EC00949396 /* MeasurementHelper.swift in Sources */ = {isa = PBXBuildFile; fileRef = FA7A4FF71E58F0EC00949396 /* MeasurementHelper.swift */; };
		FA7A4FFA1E58F11100949396 /* AppState.swift in Sources */ = {isa = PBXBuildFile; fileRef = FA7A4FF91E58F11100949396 /* AppState.swift */; };
		FA7A4FFC1E58F36800949396 /* AppState.swift in Sources */ = {isa = PBXBuildFile; fileRef = FA7A4FF91E58F11100949396 /* AppState.swift */; };
		FA7A50031E5925F600949396 /* words.txt in Resources */ = {isa = PBXBuildFile; fileRef = FA7A50021E5925F600949396 /* words.txt */; };
		FA7A50141E594E8C00949396 /* KeyboardViewController.swift in Sources */ = {isa = PBXBuildFile; fileRef = 665ACAE01E579FF60050CCA6 /* KeyboardViewController.swift */; };
		FA7A501B1E59701200949396 /* DictionaryQuery.swift in Sources */ = {isa = PBXBuildFile; fileRef = FA7A50181E59701200949396 /* DictionaryQuery.swift */; };
		FA7A501C1E59701200949396 /* LetterMapper.swift in Sources */ = {isa = PBXBuildFile; fileRef = FA7A50191E59701200949396 /* LetterMapper.swift */; };
		FA7A501D1E59701200949396 /* TrieNode.swift in Sources */ = {isa = PBXBuildFile; fileRef = FA7A501A1E59701200949396 /* TrieNode.swift */; };
		FA7A50241E597E9F00949396 /* DictionaryQuery.swift in Sources */ = {isa = PBXBuildFile; fileRef = FA7A50211E597E9F00949396 /* DictionaryQuery.swift */; };
		FA7A50251E597E9F00949396 /* LetterMapper.swift in Sources */ = {isa = PBXBuildFile; fileRef = FA7A50221E597E9F00949396 /* LetterMapper.swift */; };
		FA7A50261E597E9F00949396 /* TrieNode.swift in Sources */ = {isa = PBXBuildFile; fileRef = FA7A50231E597E9F00949396 /* TrieNode.swift */; };
		FA7A50281E59905C00949396 /* SettingViewController.swift in Sources */ = {isa = PBXBuildFile; fileRef = FA7A50271E59905C00949396 /* SettingViewController.swift */; };
		FA7A502A1E59926A00949396 /* MyProfsTableViewController.swift in Sources */ = {isa = PBXBuildFile; fileRef = FA7A50291E59926A00949396 /* MyProfsTableViewController.swift */; };
/* End PBXBuildFile section */

/* Begin PBXContainerItemProxy section */
		665ACAE31E579FF60050CCA6 /* PBXContainerItemProxy */ = {
			isa = PBXContainerItemProxy;
			containerPortal = 665ACABD1E579FCE0050CCA6 /* Project object */;
			proxyType = 1;
			remoteGlobalIDString = 665ACADD1E579FF50050CCA6;
			remoteInfo = "9-key-keyboard";
		};
/* End PBXContainerItemProxy section */

/* Begin PBXCopyFilesBuildPhase section */
		665ACAE91E579FF60050CCA6 /* Embed App Extensions */ = {
			isa = PBXCopyFilesBuildPhase;
			buildActionMask = 2147483647;
			dstPath = "";
			dstSubfolderSpec = 13;
			files = (
				665ACAE51E579FF60050CCA6 /* 9-key-keyboard.appex in Embed App Extensions */,
			);
			name = "Embed App Extensions";
			runOnlyForDeploymentPostprocessing = 0;
		};
/* End PBXCopyFilesBuildPhase section */

/* Begin PBXFileReference section */
		16F350B000AD58735A443218 /* Pods-9-key.debug.xcconfig */ = {isa = PBXFileReference; includeInIndex = 1; lastKnownFileType = text.xcconfig; name = "Pods-9-key.debug.xcconfig"; path = "Pods/Target Support Files/Pods-9-key/Pods-9-key.debug.xcconfig"; sourceTree = "<group>"; };
		665ACAC51E579FCE0050CCA6 /* 9-key.app */ = {isa = PBXFileReference; explicitFileType = wrapper.application; includeInIndex = 0; path = "9-key.app"; sourceTree = BUILT_PRODUCTS_DIR; };
		665ACAC81E579FCE0050CCA6 /* AppDelegate.swift */ = {isa = PBXFileReference; lastKnownFileType = sourcecode.swift; path = AppDelegate.swift; sourceTree = "<group>"; };
		665ACACA1E579FCE0050CCA6 /* SIgnInViewController.swift */ = {isa = PBXFileReference; lastKnownFileType = sourcecode.swift; path = SIgnInViewController.swift; sourceTree = "<group>"; };
		665ACACD1E579FCE0050CCA6 /* Base */ = {isa = PBXFileReference; lastKnownFileType = file.storyboard; name = Base; path = Base.lproj/Main.storyboard; sourceTree = "<group>"; };
		665ACACF1E579FCE0050CCA6 /* Assets.xcassets */ = {isa = PBXFileReference; lastKnownFileType = folder.assetcatalog; path = Assets.xcassets; sourceTree = "<group>"; };
		665ACAD21E579FCE0050CCA6 /* Base */ = {isa = PBXFileReference; lastKnownFileType = file.storyboard; name = Base; path = Base.lproj/LaunchScreen.storyboard; sourceTree = "<group>"; };
		665ACAD41E579FCE0050CCA6 /* Info.plist */ = {isa = PBXFileReference; lastKnownFileType = text.plist.xml; path = Info.plist; sourceTree = "<group>"; };
		665ACADE1E579FF50050CCA6 /* 9-key-keyboard.appex */ = {isa = PBXFileReference; explicitFileType = "wrapper.app-extension"; includeInIndex = 0; path = "9-key-keyboard.appex"; sourceTree = BUILT_PRODUCTS_DIR; };
		665ACAE01E579FF60050CCA6 /* KeyboardViewController.swift */ = {isa = PBXFileReference; lastKnownFileType = sourcecode.swift; path = KeyboardViewController.swift; sourceTree = "<group>"; };
		665ACAE21E579FF60050CCA6 /* Info.plist */ = {isa = PBXFileReference; lastKnownFileType = text.plist.xml; path = Info.plist; sourceTree = "<group>"; };
		665ACAEA1E57A3730050CCA6 /* KeyboardStoryboard.storyboard */ = {isa = PBXFileReference; fileEncoding = 4; lastKnownFileType = file.storyboard; path = KeyboardStoryboard.storyboard; sourceTree = "<group>"; };
		78C0DA76C5ADEEB3115D96EA /* Pods-9-key-keyboard.release.xcconfig */ = {isa = PBXFileReference; includeInIndex = 1; lastKnownFileType = text.xcconfig; name = "Pods-9-key-keyboard.release.xcconfig"; path = "Pods/Target Support Files/Pods-9-key-keyboard/Pods-9-key-keyboard.release.xcconfig"; sourceTree = "<group>"; };
		8148122F9987ED54D61F7994 /* Pods-9-key.release.xcconfig */ = {isa = PBXFileReference; includeInIndex = 1; lastKnownFileType = text.xcconfig; name = "Pods-9-key.release.xcconfig"; path = "Pods/Target Support Files/Pods-9-key/Pods-9-key.release.xcconfig"; sourceTree = "<group>"; };
		A8AC658BB636B1C40AC441DC /* Pods-9-key-keyboard.debug.xcconfig */ = {isa = PBXFileReference; includeInIndex = 1; lastKnownFileType = text.xcconfig; name = "Pods-9-key-keyboard.debug.xcconfig"; path = "Pods/Target Support Files/Pods-9-key-keyboard/Pods-9-key-keyboard.debug.xcconfig"; sourceTree = "<group>"; };
		DD9154FC1A922A4EDC3F2EB9 /* Pods_9_key.framework */ = {isa = PBXFileReference; explicitFileType = wrapper.framework; includeInIndex = 0; path = Pods_9_key.framework; sourceTree = BUILT_PRODUCTS_DIR; };
		F5307C5C1C7942C58B62892F /* Pods_9_key_keyboard.framework */ = {isa = PBXFileReference; explicitFileType = wrapper.framework; includeInIndex = 0; path = Pods_9_key_keyboard.framework; sourceTree = BUILT_PRODUCTS_DIR; };
		FA7A4FF51E58E26D00949396 /* GoogleService-Info.plist */ = {isa = PBXFileReference; fileEncoding = 4; lastKnownFileType = text.plist.xml; path = "GoogleService-Info.plist"; sourceTree = "<group>"; };
		FA7A4FF71E58F0EC00949396 /* MeasurementHelper.swift */ = {isa = PBXFileReference; fileEncoding = 4; lastKnownFileType = sourcecode.swift; path = MeasurementHelper.swift; sourceTree = "<group>"; };
		FA7A4FF91E58F11100949396 /* AppState.swift */ = {isa = PBXFileReference; fileEncoding = 4; lastKnownFileType = sourcecode.swift; path = AppState.swift; sourceTree = "<group>"; };
		FA7A50001E59210B00949396 /* 9-key.entitlements */ = {isa = PBXFileReference; lastKnownFileType = text.plist.entitlements; path = "9-key.entitlements"; sourceTree = "<group>"; };
		FA7A50011E59254400949396 /* 9-key-keyboard.entitlements */ = {isa = PBXFileReference; lastKnownFileType = text.plist.entitlements; path = "9-key-keyboard.entitlements"; sourceTree = "<group>"; };
		FA7A50021E5925F600949396 /* words.txt */ = {isa = PBXFileReference; fileEncoding = 4; lastKnownFileType = text; path = words.txt; sourceTree = "<group>"; };
		FA7A50181E59701200949396 /* DictionaryQuery.swift */ = {isa = PBXFileReference; fileEncoding = 4; lastKnownFileType = sourcecode.swift; path = DictionaryQuery.swift; sourceTree = "<group>"; };
		FA7A50191E59701200949396 /* LetterMapper.swift */ = {isa = PBXFileReference; fileEncoding = 4; lastKnownFileType = sourcecode.swift; path = LetterMapper.swift; sourceTree = "<group>"; };
		FA7A501A1E59701200949396 /* TrieNode.swift */ = {isa = PBXFileReference; fileEncoding = 4; lastKnownFileType = sourcecode.swift; path = TrieNode.swift; sourceTree = "<group>"; };
		FA7A50211E597E9F00949396 /* DictionaryQuery.swift */ = {isa = PBXFileReference; fileEncoding = 4; lastKnownFileType = sourcecode.swift; path = DictionaryQuery.swift; sourceTree = "<group>"; };
		FA7A50221E597E9F00949396 /* LetterMapper.swift */ = {isa = PBXFileReference; fileEncoding = 4; lastKnownFileType = sourcecode.swift; path = LetterMapper.swift; sourceTree = "<group>"; };
		FA7A50231E597E9F00949396 /* TrieNode.swift */ = {isa = PBXFileReference; fileEncoding = 4; lastKnownFileType = sourcecode.swift; path = TrieNode.swift; sourceTree = "<group>"; };
		FA7A50271E59905C00949396 /* SettingViewController.swift */ = {isa = PBXFileReference; fileEncoding = 4; lastKnownFileType = sourcecode.swift; path = SettingViewController.swift; sourceTree = "<group>"; };
		FA7A50291E59926A00949396 /* MyProfsTableViewController.swift */ = {isa = PBXFileReference; fileEncoding = 4; lastKnownFileType = sourcecode.swift; path = MyProfsTableViewController.swift; sourceTree = "<group>"; };
/* End PBXFileReference section */

/* Begin PBXFrameworksBuildPhase section */
		665ACAC21E579FCE0050CCA6 /* Frameworks */ = {
			isa = PBXFrameworksBuildPhase;
			buildActionMask = 2147483647;
			files = (
				429E29D335A11F6155BFBB20 /* Pods_9_key.framework in Frameworks */,
			);
			runOnlyForDeploymentPostprocessing = 0;
		};
		665ACADB1E579FF50050CCA6 /* Frameworks */ = {
			isa = PBXFrameworksBuildPhase;
			buildActionMask = 2147483647;
			files = (
				F371A3916B7D4A9B0794EF3C /* Pods_9_key_keyboard.framework in Frameworks */,
			);
			runOnlyForDeploymentPostprocessing = 0;
		};
/* End PBXFrameworksBuildPhase section */

/* Begin PBXGroup section */
		1311CE34D3A1F681236BD737 /* Frameworks */ = {
			isa = PBXGroup;
			children = (
				DD9154FC1A922A4EDC3F2EB9 /* Pods_9_key.framework */,
				F5307C5C1C7942C58B62892F /* Pods_9_key_keyboard.framework */,
			);
			name = Frameworks;
			sourceTree = "<group>";
		};
		665ACABC1E579FCE0050CCA6 = {
			isa = PBXGroup;
			children = (
				FA7A50021E5925F600949396 /* words.txt */,
				FA7A4FF51E58E26D00949396 /* GoogleService-Info.plist */,
				665ACAC71E579FCE0050CCA6 /* 9-key */,
				665ACADF1E579FF60050CCA6 /* 9-key-keyboard */,
				665ACAC61E579FCE0050CCA6 /* Products */,
				882131C79A549DDB378C8881 /* Pods */,
				1311CE34D3A1F681236BD737 /* Frameworks */,
			);
			sourceTree = "<group>";
		};
		665ACAC61E579FCE0050CCA6 /* Products */ = {
			isa = PBXGroup;
			children = (
				665ACAC51E579FCE0050CCA6 /* 9-key.app */,
				665ACADE1E579FF50050CCA6 /* 9-key-keyboard.appex */,
			);
			name = Products;
			sourceTree = "<group>";
		};
		665ACAC71E579FCE0050CCA6 /* 9-key */ = {
			isa = PBXGroup;
			children = (
				FA7A50181E59701200949396 /* DictionaryQuery.swift */,
				FA7A50191E59701200949396 /* LetterMapper.swift */,
				FA7A501A1E59701200949396 /* TrieNode.swift */,
				FA7A50001E59210B00949396 /* 9-key.entitlements */,
				665ACAC81E579FCE0050CCA6 /* AppDelegate.swift */,
				665ACACA1E579FCE0050CCA6 /* SIgnInViewController.swift */,
				FA7A4FF71E58F0EC00949396 /* MeasurementHelper.swift */,
				FA7A4FF91E58F11100949396 /* AppState.swift */,
				665ACACC1E579FCE0050CCA6 /* Main.storyboard */,
				FA7A50291E59926A00949396 /* MyProfsTableViewController.swift */,
				FA7A50271E59905C00949396 /* SettingViewController.swift */,
				665ACACF1E579FCE0050CCA6 /* Assets.xcassets */,
				665ACAD11E579FCE0050CCA6 /* LaunchScreen.storyboard */,
				665ACAD41E579FCE0050CCA6 /* Info.plist */,
			);
			path = "9-key";
			sourceTree = "<group>";
		};
		665ACADF1E579FF60050CCA6 /* 9-key-keyboard */ = {
			isa = PBXGroup;
			children = (
				FA7A50211E597E9F00949396 /* DictionaryQuery.swift */,
				FA7A50221E597E9F00949396 /* LetterMapper.swift */,
				FA7A50231E597E9F00949396 /* TrieNode.swift */,
				FA7A50011E59254400949396 /* 9-key-keyboard.entitlements */,
				665ACAE01E579FF60050CCA6 /* KeyboardViewController.swift */,
				665ACAE21E579FF60050CCA6 /* Info.plist */,
				665ACAEA1E57A3730050CCA6 /* KeyboardStoryboard.storyboard */,
			);
			path = "9-key-keyboard";
			sourceTree = "<group>";
		};
		882131C79A549DDB378C8881 /* Pods */ = {
			isa = PBXGroup;
			children = (
				16F350B000AD58735A443218 /* Pods-9-key.debug.xcconfig */,
				8148122F9987ED54D61F7994 /* Pods-9-key.release.xcconfig */,
				A8AC658BB636B1C40AC441DC /* Pods-9-key-keyboard.debug.xcconfig */,
				78C0DA76C5ADEEB3115D96EA /* Pods-9-key-keyboard.release.xcconfig */,
			);
			name = Pods;
			sourceTree = "<group>";
		};
/* End PBXGroup section */

/* Begin PBXNativeTarget section */
		665ACAC41E579FCE0050CCA6 /* 9-key */ = {
			isa = PBXNativeTarget;
			buildConfigurationList = 665ACAD71E579FCE0050CCA6 /* Build configuration list for PBXNativeTarget "9-key" */;
			buildPhases = (
				D2544D2FD9531B52020ECFE4 /* [CP] Check Pods Manifest.lock */,
				665ACAC11E579FCE0050CCA6 /* Sources */,
				665ACAC21E579FCE0050CCA6 /* Frameworks */,
				665ACAC31E579FCE0050CCA6 /* Resources */,
				665ACAE91E579FF60050CCA6 /* Embed App Extensions */,
				9488EA7C839D5687CFDA000D /* [CP] Embed Pods Frameworks */,
				B5FA49DBBBEEA0AC024338EA /* [CP] Copy Pods Resources */,
			);
			buildRules = (
			);
			dependencies = (
				665ACAE41E579FF60050CCA6 /* PBXTargetDependency */,
			);
			name = "9-key";
			productName = "9-key";
			productReference = 665ACAC51E579FCE0050CCA6 /* 9-key.app */;
			productType = "com.apple.product-type.application";
		};
		665ACADD1E579FF50050CCA6 /* 9-key-keyboard */ = {
			isa = PBXNativeTarget;
			buildConfigurationList = 665ACAE61E579FF60050CCA6 /* Build configuration list for PBXNativeTarget "9-key-keyboard" */;
			buildPhases = (
				DB175CF8998BCF3FB9309468 /* [CP] Check Pods Manifest.lock */,
				665ACADA1E579FF50050CCA6 /* Sources */,
				665ACADB1E579FF50050CCA6 /* Frameworks */,
				665ACADC1E579FF50050CCA6 /* Resources */,
				DEB7D2E5AB218F78D88EF686 /* [CP] Copy Pods Resources */,
			);
			buildRules = (
			);
			dependencies = (
			);
			name = "9-key-keyboard";
			productName = "9-key-keyboard";
			productReference = 665ACADE1E579FF50050CCA6 /* 9-key-keyboard.appex */;
			productType = "com.apple.product-type.app-extension";
		};
/* End PBXNativeTarget section */

/* Begin PBXProject section */
		665ACABD1E579FCE0050CCA6 /* Project object */ = {
			isa = PBXProject;
			attributes = {
				KnownAssetTags = (
					1,
					2,
				);
				LastSwiftUpdateCheck = 0810;
				LastUpgradeCheck = 0810;
				ORGANIZATIONNAME = hjq;
				TargetAttributes = {
					665ACAC41E579FCE0050CCA6 = {
						CreatedOnToolsVersion = 8.1;
						DevelopmentTeam = 937RNCZXCU;
						ProvisioningStyle = Automatic;
						SystemCapabilities = {
							com.apple.ApplicationGroups.iOS = {
								enabled = 1;
							};
						};
					};
					665ACADD1E579FF50050CCA6 = {
						CreatedOnToolsVersion = 8.1;
						DevelopmentTeam = 937RNCZXCU;
						ProvisioningStyle = Automatic;
						SystemCapabilities = {
							com.apple.ApplicationGroups.iOS = {
								enabled = 1;
							};
						};
					};
				};
			};
			buildConfigurationList = 665ACAC01E579FCE0050CCA6 /* Build configuration list for PBXProject "9-key" */;
			compatibilityVersion = "Xcode 3.2";
			developmentRegion = English;
			hasScannedForEncodings = 0;
			knownRegions = (
				en,
				Base,
			);
			mainGroup = 665ACABC1E579FCE0050CCA6;
			productRefGroup = 665ACAC61E579FCE0050CCA6 /* Products */;
			projectDirPath = "";
			projectRoot = "";
			targets = (
				665ACAC41E579FCE0050CCA6 /* 9-key */,
				665ACADD1E579FF50050CCA6 /* 9-key-keyboard */,
			);
		};
/* End PBXProject section */

/* Begin PBXResourcesBuildPhase section */
		665ACAC31E579FCE0050CCA6 /* Resources */ = {
			isa = PBXResourcesBuildPhase;
			buildActionMask = 2147483647;
			files = (
				665ACAD31E579FCE0050CCA6 /* LaunchScreen.storyboard in Resources */,
				FA7A4FF61E58E26D00949396 /* GoogleService-Info.plist in Resources */,
				665ACAD01E579FCE0050CCA6 /* Assets.xcassets in Resources */,
				FA7A50031E5925F600949396 /* words.txt in Resources */,
				665ACACE1E579FCE0050CCA6 /* Main.storyboard in Resources */,
			);
			runOnlyForDeploymentPostprocessing = 0;
		};
		665ACADC1E579FF50050CCA6 /* Resources */ = {
			isa = PBXResourcesBuildPhase;
			buildActionMask = 2147483647;
			files = (
				665ACAEB1E57A3730050CCA6 /* KeyboardStoryboard.storyboard in Resources */,
			);
			runOnlyForDeploymentPostprocessing = 0;
		};
/* End PBXResourcesBuildPhase section */

/* Begin PBXShellScriptBuildPhase section */
		9488EA7C839D5687CFDA000D /* [CP] Embed Pods Frameworks */ = {
			isa = PBXShellScriptBuildPhase;
			buildActionMask = 2147483647;
			files = (
			);
			inputPaths = (
			);
			name = "[CP] Embed Pods Frameworks";
			outputPaths = (
			);
			runOnlyForDeploymentPostprocessing = 0;
			shellPath = /bin/sh;
			shellScript = "\"${SRCROOT}/Pods/Target Support Files/Pods-9-key/Pods-9-key-frameworks.sh\"\n";
			showEnvVarsInLog = 0;
		};
		B5FA49DBBBEEA0AC024338EA /* [CP] Copy Pods Resources */ = {
			isa = PBXShellScriptBuildPhase;
			buildActionMask = 2147483647;
			files = (
			);
			inputPaths = (
			);
			name = "[CP] Copy Pods Resources";
			outputPaths = (
			);
			runOnlyForDeploymentPostprocessing = 0;
			shellPath = /bin/sh;
			shellScript = "\"${SRCROOT}/Pods/Target Support Files/Pods-9-key/Pods-9-key-resources.sh\"\n";
			showEnvVarsInLog = 0;
		};
		D2544D2FD9531B52020ECFE4 /* [CP] Check Pods Manifest.lock */ = {
			isa = PBXShellScriptBuildPhase;
			buildActionMask = 2147483647;
			files = (
			);
			inputPaths = (
			);
			name = "[CP] Check Pods Manifest.lock";
			outputPaths = (
			);
			runOnlyForDeploymentPostprocessing = 0;
			shellPath = /bin/sh;
			shellScript = "diff \"${PODS_ROOT}/../Podfile.lock\" \"${PODS_ROOT}/Manifest.lock\" > /dev/null\nif [ $? != 0 ] ; then\n    # print error to STDERR\n    echo \"error: The sandbox is not in sync with the Podfile.lock. Run 'pod install' or update your CocoaPods installation.\" >&2\n    exit 1\nfi\n";
			showEnvVarsInLog = 0;
		};
		DB175CF8998BCF3FB9309468 /* [CP] Check Pods Manifest.lock */ = {
			isa = PBXShellScriptBuildPhase;
			buildActionMask = 2147483647;
			files = (
			);
			inputPaths = (
			);
			name = "[CP] Check Pods Manifest.lock";
			outputPaths = (
			);
			runOnlyForDeploymentPostprocessing = 0;
			shellPath = /bin/sh;
			shellScript = "diff \"${PODS_ROOT}/../Podfile.lock\" \"${PODS_ROOT}/Manifest.lock\" > /dev/null\nif [ $? != 0 ] ; then\n    # print error to STDERR\n    echo \"error: The sandbox is not in sync with the Podfile.lock. Run 'pod install' or update your CocoaPods installation.\" >&2\n    exit 1\nfi\n";
			showEnvVarsInLog = 0;
		};
		DEB7D2E5AB218F78D88EF686 /* [CP] Copy Pods Resources */ = {
			isa = PBXShellScriptBuildPhase;
			buildActionMask = 2147483647;
			files = (
			);
			inputPaths = (
			);
			name = "[CP] Copy Pods Resources";
			outputPaths = (
			);
			runOnlyForDeploymentPostprocessing = 0;
			shellPath = /bin/sh;
			shellScript = "\"${SRCROOT}/Pods/Target Support Files/Pods-9-key-keyboard/Pods-9-key-keyboard-resources.sh\"\n";
			showEnvVarsInLog = 0;
		};
/* End PBXShellScriptBuildPhase section */

/* Begin PBXSourcesBuildPhase section */
		665ACAC11E579FCE0050CCA6 /* Sources */ = {
			isa = PBXSourcesBuildPhase;
			buildActionMask = 2147483647;
			files = (
				FA7A501B1E59701200949396 /* DictionaryQuery.swift in Sources */,
				665ACACB1E579FCE0050CCA6 /* SIgnInViewController.swift in Sources */,
				FA7A502A1E59926A00949396 /* MyProfsTableViewController.swift in Sources */,
				FA7A50141E594E8C00949396 /* KeyboardViewController.swift in Sources */,
				FA7A501D1E59701200949396 /* TrieNode.swift in Sources */,
				665ACAC91E579FCE0050CCA6 /* AppDelegate.swift in Sources */,
				FA7A50281E59905C00949396 /* SettingViewController.swift in Sources */,
				FA7A4FF81E58F0EC00949396 /* MeasurementHelper.swift in Sources */,
				FA7A501C1E59701200949396 /* LetterMapper.swift in Sources */,
				FA7A4FFA1E58F11100949396 /* AppState.swift in Sources */,
			);
			runOnlyForDeploymentPostprocessing = 0;
		};
		665ACADA1E579FF50050CCA6 /* Sources */ = {
			isa = PBXSourcesBuildPhase;
			buildActionMask = 2147483647;
			files = (
				FA7A50241E597E9F00949396 /* DictionaryQuery.swift in Sources */,
				FA7A4FFC1E58F36800949396 /* AppState.swift in Sources */,
				FA7A50261E597E9F00949396 /* TrieNode.swift in Sources */,
				FA7A50251E597E9F00949396 /* LetterMapper.swift in Sources */,
				665ACAE11E579FF60050CCA6 /* KeyboardViewController.swift in Sources */,
			);
			runOnlyForDeploymentPostprocessing = 0;
		};
/* End PBXSourcesBuildPhase section */

/* Begin PBXTargetDependency section */
		665ACAE41E579FF60050CCA6 /* PBXTargetDependency */ = {
			isa = PBXTargetDependency;
			target = 665ACADD1E579FF50050CCA6 /* 9-key-keyboard */;
			targetProxy = 665ACAE31E579FF60050CCA6 /* PBXContainerItemProxy */;
		};
/* End PBXTargetDependency section */

/* Begin PBXVariantGroup section */
		665ACACC1E579FCE0050CCA6 /* Main.storyboard */ = {
			isa = PBXVariantGroup;
			children = (
				665ACACD1E579FCE0050CCA6 /* Base */,
			);
			name = Main.storyboard;
			sourceTree = "<group>";
		};
		665ACAD11E579FCE0050CCA6 /* LaunchScreen.storyboard */ = {
			isa = PBXVariantGroup;
			children = (
				665ACAD21E579FCE0050CCA6 /* Base */,
			);
			name = LaunchScreen.storyboard;
			sourceTree = "<group>";
		};
/* End PBXVariantGroup section */

/* Begin XCBuildConfiguration section */
		665ACAD51E579FCE0050CCA6 /* Debug */ = {
			isa = XCBuildConfiguration;
			buildSettings = {
				ALWAYS_SEARCH_USER_PATHS = NO;
				CLANG_ANALYZER_NONNULL = YES;
				CLANG_CXX_LANGUAGE_STANDARD = "gnu++0x";
				CLANG_CXX_LIBRARY = "libc++";
				CLANG_ENABLE_MODULES = YES;
				CLANG_ENABLE_OBJC_ARC = YES;
				CLANG_WARN_BOOL_CONVERSION = YES;
				CLANG_WARN_CONSTANT_CONVERSION = YES;
				CLANG_WARN_DIRECT_OBJC_ISA_USAGE = YES_ERROR;
				CLANG_WARN_DOCUMENTATION_COMMENTS = YES;
				CLANG_WARN_EMPTY_BODY = YES;
				CLANG_WARN_ENUM_CONVERSION = YES;
				CLANG_WARN_INFINITE_RECURSION = YES;
				CLANG_WARN_INT_CONVERSION = YES;
				CLANG_WARN_OBJC_ROOT_CLASS = YES_ERROR;
				CLANG_WARN_SUSPICIOUS_MOVES = YES;
				CLANG_WARN_UNREACHABLE_CODE = YES;
				CLANG_WARN__DUPLICATE_METHOD_MATCH = YES;
				"CODE_SIGN_IDENTITY[sdk=iphoneos*]" = "iPhone Developer";
				COPY_PHASE_STRIP = NO;
				DEBUG_INFORMATION_FORMAT = dwarf;
				ENABLE_STRICT_OBJC_MSGSEND = YES;
				ENABLE_TESTABILITY = YES;
				GCC_C_LANGUAGE_STANDARD = gnu99;
				GCC_DYNAMIC_NO_PIC = NO;
				GCC_NO_COMMON_BLOCKS = YES;
				GCC_OPTIMIZATION_LEVEL = 0;
				GCC_PREPROCESSOR_DEFINITIONS = (
					"DEBUG=1",
					"$(inherited)",
				);
				GCC_WARN_64_TO_32_BIT_CONVERSION = YES;
				GCC_WARN_ABOUT_RETURN_TYPE = YES_ERROR;
				GCC_WARN_UNDECLARED_SELECTOR = YES;
				GCC_WARN_UNINITIALIZED_AUTOS = YES_AGGRESSIVE;
				GCC_WARN_UNUSED_FUNCTION = YES;
				GCC_WARN_UNUSED_VARIABLE = YES;
				IPHONEOS_DEPLOYMENT_TARGET = 10.1;
				MTL_ENABLE_DEBUG_INFO = YES;
				ONLY_ACTIVE_ARCH = YES;
				SDKROOT = iphoneos;
				SWIFT_ACTIVE_COMPILATION_CONDITIONS = DEBUG;
				SWIFT_OPTIMIZATION_LEVEL = "-Onone";
			};
			name = Debug;
		};
		665ACAD61E579FCE0050CCA6 /* Release */ = {
			isa = XCBuildConfiguration;
			buildSettings = {
				ALWAYS_SEARCH_USER_PATHS = NO;
				CLANG_ANALYZER_NONNULL = YES;
				CLANG_CXX_LANGUAGE_STANDARD = "gnu++0x";
				CLANG_CXX_LIBRARY = "libc++";
				CLANG_ENABLE_MODULES = YES;
				CLANG_ENABLE_OBJC_ARC = YES;
				CLANG_WARN_BOOL_CONVERSION = YES;
				CLANG_WARN_CONSTANT_CONVERSION = YES;
				CLANG_WARN_DIRECT_OBJC_ISA_USAGE = YES_ERROR;
				CLANG_WARN_DOCUMENTATION_COMMENTS = YES;
				CLANG_WARN_EMPTY_BODY = YES;
				CLANG_WARN_ENUM_CONVERSION = YES;
				CLANG_WARN_INFINITE_RECURSION = YES;
				CLANG_WARN_INT_CONVERSION = YES;
				CLANG_WARN_OBJC_ROOT_CLASS = YES_ERROR;
				CLANG_WARN_SUSPICIOUS_MOVES = YES;
				CLANG_WARN_UNREACHABLE_CODE = YES;
				CLANG_WARN__DUPLICATE_METHOD_MATCH = YES;
				"CODE_SIGN_IDENTITY[sdk=iphoneos*]" = "iPhone Developer";
				COPY_PHASE_STRIP = NO;
				DEBUG_INFORMATION_FORMAT = "dwarf-with-dsym";
				ENABLE_NS_ASSERTIONS = NO;
				ENABLE_STRICT_OBJC_MSGSEND = YES;
				GCC_C_LANGUAGE_STANDARD = gnu99;
				GCC_NO_COMMON_BLOCKS = YES;
				GCC_WARN_64_TO_32_BIT_CONVERSION = YES;
				GCC_WARN_ABOUT_RETURN_TYPE = YES_ERROR;
				GCC_WARN_UNDECLARED_SELECTOR = YES;
				GCC_WARN_UNINITIALIZED_AUTOS = YES_AGGRESSIVE;
				GCC_WARN_UNUSED_FUNCTION = YES;
				GCC_WARN_UNUSED_VARIABLE = YES;
				IPHONEOS_DEPLOYMENT_TARGET = 10.1;
				MTL_ENABLE_DEBUG_INFO = NO;
				SDKROOT = iphoneos;
				SWIFT_OPTIMIZATION_LEVEL = "-Owholemodule";
				VALIDATE_PRODUCT = YES;
			};
			name = Release;
		};
		665ACAD81E579FCE0050CCA6 /* Debug */ = {
			isa = XCBuildConfiguration;
			baseConfigurationReference = 16F350B000AD58735A443218 /* Pods-9-key.debug.xcconfig */;
			buildSettings = {
				ALWAYS_EMBED_SWIFT_STANDARD_LIBRARIES = YES;
				ASSETCATALOG_COMPILER_APPICON_NAME = AppIcon;
				CODE_SIGN_ENTITLEMENTS = "9-key/9-key.entitlements";
				DEVELOPMENT_TEAM = 937RNCZXCU;
				INFOPLIST_FILE = "9-key/Info.plist";
				LD_RUNPATH_SEARCH_PATHS = "$(inherited) @executable_path/Frameworks";
				PRODUCT_BUNDLE_IDENTIFIER = "lyx.--key";
				PRODUCT_NAME = "$(TARGET_NAME)";
				SWIFT_VERSION = 3.0;
			};
			name = Debug;
		};
		665ACAD91E579FCE0050CCA6 /* Release */ = {
			isa = XCBuildConfiguration;
			baseConfigurationReference = 8148122F9987ED54D61F7994 /* Pods-9-key.release.xcconfig */;
			buildSettings = {
				ALWAYS_EMBED_SWIFT_STANDARD_LIBRARIES = YES;
				ASSETCATALOG_COMPILER_APPICON_NAME = AppIcon;
				CODE_SIGN_ENTITLEMENTS = "9-key/9-key.entitlements";
				DEVELOPMENT_TEAM = 937RNCZXCU;
				INFOPLIST_FILE = "9-key/Info.plist";
				LD_RUNPATH_SEARCH_PATHS = "$(inherited) @executable_path/Frameworks";
				PRODUCT_BUNDLE_IDENTIFIER = "lyx.--key";
				PRODUCT_NAME = "$(TARGET_NAME)";
				SWIFT_VERSION = 3.0;
			};
			name = Release;
		};
		665ACAE71E579FF60050CCA6 /* Debug */ = {
			isa = XCBuildConfiguration;
			baseConfigurationReference = A8AC658BB636B1C40AC441DC /* Pods-9-key-keyboard.debug.xcconfig */;
			buildSettings = {
				CODE_SIGN_ENTITLEMENTS = "9-key-keyboard/9-key-keyboard.entitlements";
				DEVELOPMENT_TEAM = 937RNCZXCU;
				INFOPLIST_FILE = "9-key-keyboard/Info.plist";
				LD_RUNPATH_SEARCH_PATHS = "$(inherited) @executable_path/Frameworks @executable_path/../../Frameworks";
				PRODUCT_BUNDLE_IDENTIFIER = "lyx.--key.--key-keyboard";
				PRODUCT_NAME = "$(TARGET_NAME)";
				SKIP_INSTALL = YES;
				SWIFT_VERSION = 3.0;
			};
			name = Debug;
		};
		665ACAE81E579FF60050CCA6 /* Release */ = {
			isa = XCBuildConfiguration;
			baseConfigurationReference = 78C0DA76C5ADEEB3115D96EA /* Pods-9-key-keyboard.release.xcconfig */;
			buildSettings = {
				CODE_SIGN_ENTITLEMENTS = "9-key-keyboard/9-key-keyboard.entitlements";
				DEVELOPMENT_TEAM = 937RNCZXCU;
				INFOPLIST_FILE = "9-key-keyboard/Info.plist";
				LD_RUNPATH_SEARCH_PATHS = "$(inherited) @executable_path/Frameworks @executable_path/../../Frameworks";
				PRODUCT_BUNDLE_IDENTIFIER = "lyx.--key.--key-keyboard";
				PRODUCT_NAME = "$(TARGET_NAME)";
				SKIP_INSTALL = YES;
				SWIFT_VERSION = 3.0;
			};
			name = Release;
		};
/* End XCBuildConfiguration section */

/* Begin XCConfigurationList section */
		665ACAC01E579FCE0050CCA6 /* Build configuration list for PBXProject "9-key" */ = {
			isa = XCConfigurationList;
			buildConfigurations = (
				665ACAD51E579FCE0050CCA6 /* Debug */,
				665ACAD61E579FCE0050CCA6 /* Release */,
			);
			defaultConfigurationIsVisible = 0;
			defaultConfigurationName = Release;
		};
		665ACAD71E579FCE0050CCA6 /* Build configuration list for PBXNativeTarget "9-key" */ = {
			isa = XCConfigurationList;
			buildConfigurations = (
				665ACAD81E579FCE0050CCA6 /* Debug */,
				665ACAD91E579FCE0050CCA6 /* Release */,
			);
			defaultConfigurationIsVisible = 0;
			defaultConfigurationName = Release;
		};
		665ACAE61E579FF60050CCA6 /* Build configuration list for PBXNativeTarget "9-key-keyboard" */ = {
			isa = XCConfigurationList;
			buildConfigurations = (
				665ACAE71E579FF60050CCA6 /* Debug */,
				665ACAE81E579FF60050CCA6 /* Release */,
			);
			defaultConfigurationIsVisible = 0;
			defaultConfigurationName = Release;
		};
/* End XCConfigurationList section */
	};
	rootObject = 665ACABD1E579FCE0050CCA6 /* Project object */;
}
