// !$*UTF8*$!
{
	archiveVersion = 1;
	classes = {
	};
	objectVersion = 46;
	objects = {

/* Begin PBXBuildFile section */
		D36CBB021E4C173B0083F897 /* main.swift in Sources */ = {isa = PBXBuildFile; fileRef = D36CBB011E4C173B0083F897 /* main.swift */; };
		D36CBB091E4C17710083F897 /* TrieNode.swift in Sources */ = {isa = PBXBuildFile; fileRef = D36CBB081E4C17710083F897 /* TrieNode.swift */; };
		D36CBB0B1E4C17A10083F897 /* LetterMapper.swift in Sources */ = {isa = PBXBuildFile; fileRef = D36CBB0A1E4C17A10083F897 /* LetterMapper.swift */; };
		D36CBB0D1E4C1D8B0083F897 /* DictionaryQuery.swift in Sources */ = {isa = PBXBuildFile; fileRef = D36CBB0C1E4C1D8B0083F897 /* DictionaryQuery.swift */; };
/* End PBXBuildFile section */

/* Begin PBXCopyFilesBuildPhase section */
		D36CBAFC1E4C173A0083F897 /* CopyFiles */ = {
			isa = PBXCopyFilesBuildPhase;
			buildActionMask = 2147483647;
			dstPath = /usr/share/man/man1/;
			dstSubfolderSpec = 0;
			files = (
			);
			runOnlyForDeploymentPostprocessing = 1;
		};
/* End PBXCopyFilesBuildPhase section */

/* Begin PBXFileReference section */
		D36CBAFE1E4C173B0083F897 /* TestDictionary */ = {isa = PBXFileReference; explicitFileType = "compiled.mach-o.executable"; includeInIndex = 0; path = TestDictionary; sourceTree = BUILT_PRODUCTS_DIR; };
		D36CBB011E4C173B0083F897 /* main.swift */ = {isa = PBXFileReference; lastKnownFileType = sourcecode.swift; path = main.swift; sourceTree = "<group>"; };
		D36CBB081E4C17710083F897 /* TrieNode.swift */ = {isa = PBXFileReference; fileEncoding = 4; lastKnownFileType = sourcecode.swift; path = TrieNode.swift; sourceTree = "<group>"; };
		D36CBB0A1E4C17A10083F897 /* LetterMapper.swift */ = {isa = PBXFileReference; fileEncoding = 4; lastKnownFileType = sourcecode.swift; path = LetterMapper.swift; sourceTree = "<group>"; };
		D36CBB0C1E4C1D8B0083F897 /* DictionaryQuery.swift */ = {isa = PBXFileReference; fileEncoding = 4; lastKnownFileType = sourcecode.swift; path = DictionaryQuery.swift; sourceTree = "<group>"; };
/* End PBXFileReference section */

/* Begin PBXFrameworksBuildPhase section */
		D36CBAFB1E4C173A0083F897 /* Frameworks */ = {
			isa = PBXFrameworksBuildPhase;
			buildActionMask = 2147483647;
			files = (
			);
			runOnlyForDeploymentPostprocessing = 0;
		};
/* End PBXFrameworksBuildPhase section */

/* Begin PBXGroup section */
		D36CBAF51E4C173A0083F897 = {
			isa = PBXGroup;
			children = (
				D36CBB001E4C173B0083F897 /* TestDictionary */,
				D36CBAFF1E4C173B0083F897 /* Products */,
			);
			sourceTree = "<group>";
		};
		D36CBAFF1E4C173B0083F897 /* Products */ = {
			isa = PBXGroup;
			children = (
				D36CBAFE1E4C173B0083F897 /* TestDictionary */,
			);
			name = Products;
			sourceTree = "<group>";
		};
		D36CBB001E4C173B0083F897 /* TestDictionary */ = {
			isa = PBXGroup;
			children = (
				D36CBB011E4C173B0083F897 /* main.swift */,
				D36CBB081E4C17710083F897 /* TrieNode.swift */,
				D36CBB0A1E4C17A10083F897 /* LetterMapper.swift */,
				D36CBB0C1E4C1D8B0083F897 /* DictionaryQuery.swift */,
			);
			path = TestDictionary;
			sourceTree = "<group>";
		};
/* End PBXGroup section */

/* Begin PBXNativeTarget section */
		D36CBAFD1E4C173A0083F897 /* TestDictionary */ = {
			isa = PBXNativeTarget;
			buildConfigurationList = D36CBB051E4C173B0083F897 /* Build configuration list for PBXNativeTarget "TestDictionary" */;
			buildPhases = (
				D36CBAFA1E4C173A0083F897 /* Sources */,
				D36CBAFB1E4C173A0083F897 /* Frameworks */,
				D36CBAFC1E4C173A0083F897 /* CopyFiles */,
			);
			buildRules = (
			);
			dependencies = (
			);
			name = TestDictionary;
			productName = TestDictionary;
			productReference = D36CBAFE1E4C173B0083F897 /* TestDictionary */;
			productType = "com.apple.product-type.tool";
		};
/* End PBXNativeTarget section */

/* Begin PBXProject section */
		D36CBAF61E4C173A0083F897 /* Project object */ = {
			isa = PBXProject;
			attributes = {
				LastSwiftUpdateCheck = 0820;
				LastUpgradeCheck = 0820;
				ORGANIZATIONNAME = Brian;
				TargetAttributes = {
					D36CBAFD1E4C173A0083F897 = {
						CreatedOnToolsVersion = 8.2.1;
						ProvisioningStyle = Automatic;
					};
				};
			};
			buildConfigurationList = D36CBAF91E4C173A0083F897 /* Build configuration list for PBXProject "TestDictionary" */;
			compatibilityVersion = "Xcode 3.2";
			developmentRegion = English;
			hasScannedForEncodings = 0;
			knownRegions = (
				en,
			);
			mainGroup = D36CBAF51E4C173A0083F897;
			productRefGroup = D36CBAFF1E4C173B0083F897 /* Products */;
			projectDirPath = "";
			projectRoot = "";
			targets = (
				D36CBAFD1E4C173A0083F897 /* TestDictionary */,
			);
		};
/* End PBXProject section */

/* Begin PBXSourcesBuildPhase section */
		D36CBAFA1E4C173A0083F897 /* Sources */ = {
			isa = PBXSourcesBuildPhase;
			buildActionMask = 2147483647;
			files = (
				D36CBB0D1E4C1D8B0083F897 /* DictionaryQuery.swift in Sources */,
				D36CBB021E4C173B0083F897 /* main.swift in Sources */,
				D36CBB0B1E4C17A10083F897 /* LetterMapper.swift in Sources */,
				D36CBB091E4C17710083F897 /* TrieNode.swift in Sources */,
			);
			runOnlyForDeploymentPostprocessing = 0;
		};
/* End PBXSourcesBuildPhase section */

/* Begin XCBuildConfiguration section */
		D36CBB031E4C173B0083F897 /* Debug */ = {
			isa = XCBuildConfiguration;
			buildSettings = {
				ALWAYS_SEARCH_USER_PATHS = NO;
				CLANG_ANALYZER_NONNULL = YES;
				CLANG_CXX_LANGUAGE_STANDARD = "gnu++0x";
				CLANG_CXX_LIBRARY = "libc++";
				CLANG_ENABLE_MODULES = YES;
				CLANG_ENABLE_OBJC_ARC = YES;
				CLANG_WARN_BOOL_CONVERSION = YES;
				CLANG_WARN_CONSTANT_CONVERSION = YES;
				CLANG_WARN_DIRECT_OBJC_ISA_USAGE = YES_ERROR;
				CLANG_WARN_DOCUMENTATION_COMMENTS = YES;
				CLANG_WARN_EMPTY_BODY = YES;
				CLANG_WARN_ENUM_CONVERSION = YES;
				CLANG_WARN_INFINITE_RECURSION = YES;
				CLANG_WARN_INT_CONVERSION = YES;
				CLANG_WARN_OBJC_ROOT_CLASS = YES_ERROR;
				CLANG_WARN_SUSPICIOUS_MOVE = YES;
				CLANG_WARN_UNREACHABLE_CODE = YES;
				CLANG_WARN__DUPLICATE_METHOD_MATCH = YES;
				CODE_SIGN_IDENTITY = "-";
				COPY_PHASE_STRIP = NO;
				DEBUG_INFORMATION_FORMAT = dwarf;
				ENABLE_STRICT_OBJC_MSGSEND = YES;
				ENABLE_TESTABILITY = YES;
				GCC_C_LANGUAGE_STANDARD = gnu99;
				GCC_DYNAMIC_NO_PIC = NO;
				GCC_NO_COMMON_BLOCKS = YES;
				GCC_OPTIMIZATION_LEVEL = 0;
				GCC_PREPROCESSOR_DEFINITIONS = (
					"DEBUG=1",
					"$(inherited)",
				);
				GCC_WARN_64_TO_32_BIT_CONVERSION = YES;
				GCC_WARN_ABOUT_RETURN_TYPE = YES_ERROR;
				GCC_WARN_UNDECLARED_SELECTOR = YES;
				GCC_WARN_UNINITIALIZED_AUTOS = YES_AGGRESSIVE;
				GCC_WARN_UNUSED_FUNCTION = YES;
				GCC_WARN_UNUSED_VARIABLE = YES;
				MACOSX_DEPLOYMENT_TARGET = 10.12;
				MTL_ENABLE_DEBUG_INFO = YES;
				ONLY_ACTIVE_ARCH = YES;
				SDKROOT = macosx;
				SWIFT_OPTIMIZATION_LEVEL = "-Onone";
			};
			name = Debug;
		};
		D36CBB041E4C173B0083F897 /* Release */ = {
			isa = XCBuildConfiguration;
			buildSettings = {
				ALWAYS_SEARCH_USER_PATHS = NO;
				CLANG_ANALYZER_NONNULL = YES;
				CLANG_CXX_LANGUAGE_STANDARD = "gnu++0x";
				CLANG_CXX_LIBRARY = "libc++";
				CLANG_ENABLE_MODULES = YES;
				CLANG_ENABLE_OBJC_ARC = YES;
				CLANG_WARN_BOOL_CONVERSION = YES;
				CLANG_WARN_CONSTANT_CONVERSION = YES;
				CLANG_WARN_DIRECT_OBJC_ISA_USAGE = YES_ERROR;
				CLANG_WARN_DOCUMENTATION_COMMENTS = YES;
				CLANG_WARN_EMPTY_BODY = YES;
				CLANG_WARN_ENUM_CONVERSION = YES;
				CLANG_WARN_INFINITE_RECURSION = YES;
				CLANG_WARN_INT_CONVERSION = YES;
				CLANG_WARN_OBJC_ROOT_CLASS = YES_ERROR;
				CLANG_WARN_SUSPICIOUS_MOVE = YES;
				CLANG_WARN_UNREACHABLE_CODE = YES;
				CLANG_WARN__DUPLICATE_METHOD_MATCH = YES;
				CODE_SIGN_IDENTITY = "-";
				COPY_PHASE_STRIP = NO;
				DEBUG_INFORMATION_FORMAT = "dwarf-with-dsym";
				ENABLE_NS_ASSERTIONS = NO;
				ENABLE_STRICT_OBJC_MSGSEND = YES;
				GCC_C_LANGUAGE_STANDARD = gnu99;
				GCC_NO_COMMON_BLOCKS = YES;
				GCC_WARN_64_TO_32_BIT_CONVERSION = YES;
				GCC_WARN_ABOUT_RETURN_TYPE = YES_ERROR;
				GCC_WARN_UNDECLARED_SELECTOR = YES;
				GCC_WARN_UNINITIALIZED_AUTOS = YES_AGGRESSIVE;
				GCC_WARN_UNUSED_FUNCTION = YES;
				GCC_WARN_UNUSED_VARIABLE = YES;
				MACOSX_DEPLOYMENT_TARGET = 10.12;
				MTL_ENABLE_DEBUG_INFO = NO;
				SDKROOT = macosx;
			};
			name = Release;
		};
		D36CBB061E4C173B0083F897 /* Debug */ = {
			isa = XCBuildConfiguration;
			buildSettings = {
				PRODUCT_NAME = "$(TARGET_NAME)";
				SWIFT_VERSION = 3.0;
			};
			name = Debug;
		};
		D36CBB071E4C173B0083F897 /* Release */ = {
			isa = XCBuildConfiguration;
			buildSettings = {
				PRODUCT_NAME = "$(TARGET_NAME)";
				SWIFT_VERSION = 3.0;
			};
			name = Release;
		};
/* End XCBuildConfiguration section */

/* Begin XCConfigurationList section */
		D36CBAF91E4C173A0083F897 /* Build configuration list for PBXProject "TestDictionary" */ = {
			isa = XCConfigurationList;
			buildConfigurations = (
				D36CBB031E4C173B0083F897 /* Debug */,
				D36CBB041E4C173B0083F897 /* Release */,
			);
			defaultConfigurationIsVisible = 0;
			defaultConfigurationName = Release;
		};
		D36CBB051E4C173B0083F897 /* Build configuration list for PBXNativeTarget "TestDictionary" */ = {
			isa = XCConfigurationList;
			buildConfigurations = (
				D36CBB061E4C173B0083F897 /* Debug */,
				D36CBB071E4C173B0083F897 /* Release */,
			);
			defaultConfigurationIsVisible = 0;
		};
/* End XCConfigurationList section */
	};
	rootObject = D36CBAF61E4C173A0083F897 /* Project object */;
}
